
Microsoft Visual Studio Solution File, Format Version 12.00
# Visual Studio Version 16
VisualStudioVersion = 16.0.31129.286
MinimumVisualStudioVersion = 10.0.40219.1
Project("{2150E333-8FDC-42A3-9474-1A3956D46DE8}") = "Services", "Services", "{B4C8CF4C-A6F7-4C0C-96B5-449E5F90D0A5}"
EndProject
Project("{2150E333-8FDC-42A3-9474-1A3956D46DE8}") = "Basket", "Basket", "{0001354D-8F60-46B3-9003-AF82E5ACEF50}"
EndProject
Project("{2150E333-8FDC-42A3-9474-1A3956D46DE8}") = "Stock", "Stock", "{05AD3322-DD40-4D7B-99EF-2005C7487FE5}"
EndProject
Project("{9A19103F-16F7-4668-BE54-9A1E7A4F7556}") = "Stock.API", "Services\Stock\Stock.API\Stock.API.csproj", "{31B9BE25-D821-4C0F-BF33-119D80A43AB0}"
EndProject
Project("{9A19103F-16F7-4668-BE54-9A1E7A4F7556}") = "Stock.Application", "Services\Stock\Stock.Application\Stock.Application.csproj", "{834F6715-CC64-4B9E-AA98-05D1B004D2A6}"
EndProject
Project("{9A19103F-16F7-4668-BE54-9A1E7A4F7556}") = "Stock.Domain", "Services\Stock\Stock.Domain\Stock.Domain.csproj", "{95564F24-F70B-4267-BF4E-1320CEC717D8}"
EndProject
Project("{9A19103F-16F7-4668-BE54-9A1E7A4F7556}") = "Stock.Infrastructure", "Services\Stock\Stock.Infrastructure\Stock.Infrastructure.csproj", "{D9C14DAB-731D-4C81-B64D-D02012A3C9D2}"
EndProject
Project("{9A19103F-16F7-4668-BE54-9A1E7A4F7556}") = "Stock.Grpc", "Services\Stock\Stock.Grpc\Stock.Grpc.csproj", "{269FC2D8-4AB9-4EBE-9837-BB8E001220B7}"
EndProject
Project("{E53339B2-1760-4266-BCC7-CA923CBCF16C}") = "docker-compose", "docker-compose.dcproj", "{861CDBF6-0CF6-4FCC-A43C-303EECCB44D0}"
EndProject
Project("{9A19103F-16F7-4668-BE54-9A1E7A4F7556}") = "Basket.API", "Services\Basket\Basket.API\Basket.API.csproj", "{9FD654C3-7461-4488-8A40-35299A9DF968}"
EndProject
Project("{9A19103F-16F7-4668-BE54-9A1E7A4F7556}") = "Basket.Application", "Services\Basket\Basket.Application\Basket.Application.csproj", "{2C22FF31-4273-4DA8-B901-E48FE56BBC80}"
EndProject
Project("{9A19103F-16F7-4668-BE54-9A1E7A4F7556}") = "Basket.Domain", "Services\Basket\Basket.Domain\Basket.Domain.csproj", "{CAAF06B4-B59C-4F13-8D2F-324515FEE628}"
EndProject
Project("{9A19103F-16F7-4668-BE54-9A1E7A4F7556}") = "Basket.Infrastructure", "Services\Basket\Basket.Infrastructure\Basket.Infrastructure.csproj", "{7E96DE6E-D14E-4DFA-834F-09EDB6EB7595}"
EndProject
Global
	GlobalSection(SolutionConfigurationPlatforms) = preSolution
		Debug|Any CPU = Debug|Any CPU
		Release|Any CPU = Release|Any CPU
	EndGlobalSection
	GlobalSection(ProjectConfigurationPlatforms) = postSolution
		{31B9BE25-D821-4C0F-BF33-119D80A43AB0}.Debug|Any CPU.ActiveCfg = Debug|Any CPU
		{31B9BE25-D821-4C0F-BF33-119D80A43AB0}.Debug|Any CPU.Build.0 = Debug|Any CPU
		{31B9BE25-D821-4C0F-BF33-119D80A43AB0}.Release|Any CPU.ActiveCfg = Release|Any CPU
		{31B9BE25-D821-4C0F-BF33-119D80A43AB0}.Release|Any CPU.Build.0 = Release|Any CPU
		{834F6715-CC64-4B9E-AA98-05D1B004D2A6}.Debug|Any CPU.ActiveCfg = Debug|Any CPU
		{834F6715-CC64-4B9E-AA98-05D1B004D2A6}.Debug|Any CPU.Build.0 = Debug|Any CPU
		{834F6715-CC64-4B9E-AA98-05D1B004D2A6}.Release|Any CPU.ActiveCfg = Release|Any CPU
		{834F6715-CC64-4B9E-AA98-05D1B004D2A6}.Release|Any CPU.Build.0 = Release|Any CPU
		{95564F24-F70B-4267-BF4E-1320CEC717D8}.Debug|Any CPU.ActiveCfg = Debug|Any CPU
		{95564F24-F70B-4267-BF4E-1320CEC717D8}.Debug|Any CPU.Build.0 = Debug|Any CPU
		{95564F24-F70B-4267-BF4E-1320CEC717D8}.Release|Any CPU.ActiveCfg = Release|Any CPU
		{95564F24-F70B-4267-BF4E-1320CEC717D8}.Release|Any CPU.Build.0 = Release|Any CPU
		{D9C14DAB-731D-4C81-B64D-D02012A3C9D2}.Debug|Any CPU.ActiveCfg = Debug|Any CPU
		{D9C14DAB-731D-4C81-B64D-D02012A3C9D2}.Debug|Any CPU.Build.0 = Debug|Any CPU
		{D9C14DAB-731D-4C81-B64D-D02012A3C9D2}.Release|Any CPU.ActiveCfg = Release|Any CPU
		{D9C14DAB-731D-4C81-B64D-D02012A3C9D2}.Release|Any CPU.Build.0 = Release|Any CPU
		{269FC2D8-4AB9-4EBE-9837-BB8E001220B7}.Debug|Any CPU.ActiveCfg = Debug|Any CPU
		{269FC2D8-4AB9-4EBE-9837-BB8E001220B7}.Debug|Any CPU.Build.0 = Debug|Any CPU
		{269FC2D8-4AB9-4EBE-9837-BB8E001220B7}.Release|Any CPU.ActiveCfg = Release|Any CPU
		{269FC2D8-4AB9-4EBE-9837-BB8E001220B7}.Release|Any CPU.Build.0 = Release|Any CPU
		{861CDBF6-0CF6-4FCC-A43C-303EECCB44D0}.Debug|Any CPU.ActiveCfg = Debug|Any CPU
		{861CDBF6-0CF6-4FCC-A43C-303EECCB44D0}.Debug|Any CPU.Build.0 = Debug|Any CPU
		{861CDBF6-0CF6-4FCC-A43C-303EECCB44D0}.Release|Any CPU.ActiveCfg = Release|Any CPU
		{861CDBF6-0CF6-4FCC-A43C-303EECCB44D0}.Release|Any CPU.Build.0 = Release|Any CPU
		{9FD654C3-7461-4488-8A40-35299A9DF968}.Debug|Any CPU.ActiveCfg = Debug|Any CPU
		{9FD654C3-7461-4488-8A40-35299A9DF968}.Debug|Any CPU.Build.0 = Debug|Any CPU
		{9FD654C3-7461-4488-8A40-35299A9DF968}.Release|Any CPU.ActiveCfg = Release|Any CPU
		{9FD654C3-7461-4488-8A40-35299A9DF968}.Release|Any CPU.Build.0 = Release|Any CPU
		{2C22FF31-4273-4DA8-B901-E48FE56BBC80}.Debug|Any CPU.ActiveCfg = Debug|Any CPU
		{2C22FF31-4273-4DA8-B901-E48FE56BBC80}.Debug|Any CPU.Build.0 = Debug|Any CPU
		{2C22FF31-4273-4DA8-B901-E48FE56BBC80}.Release|Any CPU.ActiveCfg = Release|Any CPU
		{2C22FF31-4273-4DA8-B901-E48FE56BBC80}.Release|Any CPU.Build.0 = Release|Any CPU
		{CAAF06B4-B59C-4F13-8D2F-324515FEE628}.Debug|Any CPU.ActiveCfg = Debug|Any CPU
		{CAAF06B4-B59C-4F13-8D2F-324515FEE628}.Debug|Any CPU.Build.0 = Debug|Any CPU
		{CAAF06B4-B59C-4F13-8D2F-324515FEE628}.Release|Any CPU.ActiveCfg = Release|Any CPU
		{CAAF06B4-B59C-4F13-8D2F-324515FEE628}.Release|Any CPU.Build.0 = Release|Any CPU
		{7E96DE6E-D14E-4DFA-834F-09EDB6EB7595}.Debug|Any CPU.ActiveCfg = Debug|Any CPU
		{7E96DE6E-D14E-4DFA-834F-09EDB6EB7595}.Debug|Any CPU.Build.0 = Debug|Any CPU
		{7E96DE6E-D14E-4DFA-834F-09EDB6EB7595}.Release|Any CPU.ActiveCfg = Release|Any CPU
		{7E96DE6E-D14E-4DFA-834F-09EDB6EB7595}.Release|Any CPU.Build.0 = Release|Any CPU
	EndGlobalSection
	GlobalSection(SolutionProperties) = preSolution
		HideSolutionNode = FALSE
	EndGlobalSection
	GlobalSection(NestedProjects) = preSolution
		{0001354D-8F60-46B3-9003-AF82E5ACEF50} = {B4C8CF4C-A6F7-4C0C-96B5-449E5F90D0A5}
		{05AD3322-DD40-4D7B-99EF-2005C7487FE5} = {B4C8CF4C-A6F7-4C0C-96B5-449E5F90D0A5}
		{31B9BE25-D821-4C0F-BF33-119D80A43AB0} = {05AD3322-DD40-4D7B-99EF-2005C7487FE5}
		{834F6715-CC64-4B9E-AA98-05D1B004D2A6} = {05AD3322-DD40-4D7B-99EF-2005C7487FE5}
		{95564F24-F70B-4267-BF4E-1320CEC717D8} = {05AD3322-DD40-4D7B-99EF-2005C7487FE5}
		{D9C14DAB-731D-4C81-B64D-D02012A3C9D2} = {05AD3322-DD40-4D7B-99EF-2005C7487FE5}
		{269FC2D8-4AB9-4EBE-9837-BB8E001220B7} = {05AD3322-DD40-4D7B-99EF-2005C7487FE5}
		{9FD654C3-7461-4488-8A40-35299A9DF968} = {0001354D-8F60-46B3-9003-AF82E5ACEF50}
		{2C22FF31-4273-4DA8-B901-E48FE56BBC80} = {0001354D-8F60-46B3-9003-AF82E5ACEF50}
		{CAAF06B4-B59C-4F13-8D2F-324515FEE628} = {0001354D-8F60-46B3-9003-AF82E5ACEF50}
		{7E96DE6E-D14E-4DFA-834F-09EDB6EB7595} = {0001354D-8F60-46B3-9003-AF82E5ACEF50}
	EndGlobalSection
	GlobalSection(ExtensibilityGlobals) = postSolution
		SolutionGuid = {F6D9355D-79F8-4D28-9C7C-51713EDF99D7}
	EndGlobalSection
EndGlobal
